// !$*UTF8*$!
{
	archiveVersion = 1;
	classes = {
	};
	objectVersion = 45;
	objects = {

/* Begin PBXBuildFile section */
		4D175C6F12E72D1300BDF8D0 /* Minuit.cpp in Sources */ = {isa = PBXBuildFile; fileRef = 4D175C6E12E72D1300BDF8D0 /* Minuit.cpp */; };
		4DB6C33112E89C9A001546E4 /* MinuitMethods.hpp in Headers */ = {isa = PBXBuildFile; fileRef = 4DB6C32A12E89C9A001546E4 /* MinuitMethods.hpp */; };
		4DB6C33412E89C9A001546E4 /* MinuitInclude.hpp in Headers */ = {isa = PBXBuildFile; fileRef = 4DB6C32D12E89C9A001546E4 /* MinuitInclude.hpp */; };
		4DB6C33712E89C9A001546E4 /* ReceiveOSCThread.hpp in Headers */ = {isa = PBXBuildFile; fileRef = 4DB6C33012E89C9A001546E4 /* ReceiveOSCThread.hpp */; };
		4DB6C33E12E89CAB001546E4 /* MinuitMethods.cpp in Sources */ = {isa = PBXBuildFile; fileRef = 4DB6C33812E89CAB001546E4 /* MinuitMethods.cpp */; };
		4DB6C34312E89CAB001546E4 /* ReceiveOSCThread.cpp in Sources */ = {isa = PBXBuildFile; fileRef = 4DB6C33D12E89CAB001546E4 /* ReceiveOSCThread.cpp */; };
		D29C8A8F135B040500458AFC /* IpEndpointName.cpp in Sources */ = {isa = PBXBuildFile; fileRef = D29C8A7A135B040500458AFC /* IpEndpointName.cpp */; };
		D29C8A90135B040500458AFC /* IpEndpointName.h in Headers */ = {isa = PBXBuildFile; fileRef = D29C8A7B135B040500458AFC /* IpEndpointName.h */; };
		D29C8A91135B040500458AFC /* NetworkingUtils.cpp in Sources */ = {isa = PBXBuildFile; fileRef = D29C8A7C135B040500458AFC /* NetworkingUtils.cpp */; };
		D29C8A92135B040500458AFC /* NetworkingUtils.h in Headers */ = {isa = PBXBuildFile; fileRef = D29C8A7D135B040500458AFC /* NetworkingUtils.h */; };
		D29C8A93135B040500458AFC /* PacketListener.h in Headers */ = {isa = PBXBuildFile; fileRef = D29C8A7E135B040500458AFC /* PacketListener.h */; };
		D29C8A94135B040500458AFC /* TimerListener.h in Headers */ = {isa = PBXBuildFile; fileRef = D29C8A7F135B040500458AFC /* TimerListener.h */; };
		D29C8A95135B040500458AFC /* UdpSocket.cpp in Sources */ = {isa = PBXBuildFile; fileRef = D29C8A80135B040500458AFC /* UdpSocket.cpp */; };
		D29C8A96135B040500458AFC /* UdpSocket.h in Headers */ = {isa = PBXBuildFile; fileRef = D29C8A81135B040500458AFC /* UdpSocket.h */; };
		D29C8A97135B040500458AFC /* MessageMappingOscPacketListener.h in Headers */ = {isa = PBXBuildFile; fileRef = D29C8A83135B040500458AFC /* MessageMappingOscPacketListener.h */; };
		D29C8A98135B040500458AFC /* OscException.h in Headers */ = {isa = PBXBuildFile; fileRef = D29C8A84135B040500458AFC /* OscException.h */; };
		D29C8A99135B040500458AFC /* OscHostEndianness.h in Headers */ = {isa = PBXBuildFile; fileRef = D29C8A85135B040500458AFC /* OscHostEndianness.h */; };
		D29C8A9A135B040500458AFC /* OscOutboundPacketStream.cpp in Sources */ = {isa = PBXBuildFile; fileRef = D29C8A86135B040500458AFC /* OscOutboundPacketStream.cpp */; };
		D29C8A9B135B040500458AFC /* OscOutboundPacketStream.h in Headers */ = {isa = PBXBuildFile; fileRef = D29C8A87135B040500458AFC /* OscOutboundPacketStream.h */; };
		D29C8A9C135B040500458AFC /* OscPacketListener.h in Headers */ = {isa = PBXBuildFile; fileRef = D29C8A88135B040500458AFC /* OscPacketListener.h */; };
		D29C8A9D135B040500458AFC /* OscPrintReceivedElements.cpp in Sources */ = {isa = PBXBuildFile; fileRef = D29C8A89135B040500458AFC /* OscPrintReceivedElements.cpp */; };
		D29C8A9E135B040500458AFC /* OscPrintReceivedElements.h in Headers */ = {isa = PBXBuildFile; fileRef = D29C8A8A135B040500458AFC /* OscPrintReceivedElements.h */; };
		D29C8A9F135B040500458AFC /* OscReceivedElements.cpp in Sources */ = {isa = PBXBuildFile; fileRef = D29C8A8B135B040500458AFC /* OscReceivedElements.cpp */; };
		D29C8AA0135B040500458AFC /* OscReceivedElements.h in Headers */ = {isa = PBXBuildFile; fileRef = D29C8A8C135B040500458AFC /* OscReceivedElements.h */; };
		D29C8AA1135B040500458AFC /* OscTypes.cpp in Sources */ = {isa = PBXBuildFile; fileRef = D29C8A8D135B040500458AFC /* OscTypes.cpp */; };
		D29C8AA2135B040500458AFC /* OscTypes.h in Headers */ = {isa = PBXBuildFile; fileRef = D29C8A8E135B040500458AFC /* OscTypes.h */; };
		D2A685F013C99B9E00CDA473 /* MinuitAnswer.cpp in Sources */ = {isa = PBXBuildFile; fileRef = D2A685EE13C99B9E00CDA473 /* MinuitAnswer.cpp */; };
		D2A685F113C99B9E00CDA473 /* MinuitAnswer.hpp in Headers */ = {isa = PBXBuildFile; fileRef = D2A685EF13C99B9E00CDA473 /* MinuitAnswer.hpp */; };
		D2F6BC1E1360FD45001F558B /* JamomaFoundation.dylib in Frameworks */ = {isa = PBXBuildFile; fileRef = D2F6BC1D1360FD45001F558B /* JamomaFoundation.dylib */; };
		D2F6BC211360FD65001F558B /* Plugin.h in Headers */ = {isa = PBXBuildFile; fileRef = D2F6BC201360FD65001F558B /* Plugin.h */; };
/* End PBXBuildFile section */

/* Begin PBXFileReference section */
		224B076511DEA0E000B6EF48 /* Minuit.dylib */ = {isa = PBXFileReference; explicitFileType = "compiled.mach-o.dylib"; includeInIndex = 0; path = Minuit.dylib; sourceTree = BUILT_PRODUCTS_DIR; };
		4D175C6E12E72D1300BDF8D0 /* Minuit.cpp */ = {isa = PBXFileReference; fileEncoding = 4; lastKnownFileType = sourcecode.cpp.cpp; path = Minuit.cpp; sourceTree = "<group>"; };
		4DB6C32A12E89C9A001546E4 /* MinuitMethods.hpp */ = {isa = PBXFileReference; fileEncoding = 4; lastKnownFileType = sourcecode.cpp.h; name = MinuitMethods.hpp; path = Minuit/MinuitMethods.hpp; sourceTree = "<group>"; };
		4DB6C32D12E89C9A001546E4 /* MinuitInclude.hpp */ = {isa = PBXFileReference; fileEncoding = 4; lastKnownFileType = sourcecode.cpp.h; name = MinuitInclude.hpp; path = Minuit/MinuitInclude.hpp; sourceTree = "<group>"; };
		4DB6C33012E89C9A001546E4 /* ReceiveOSCThread.hpp */ = {isa = PBXFileReference; fileEncoding = 4; lastKnownFileType = sourcecode.cpp.h; name = ReceiveOSCThread.hpp; path = Minuit/ReceiveOSCThread.hpp; sourceTree = "<group>"; };
		4DB6C33812E89CAB001546E4 /* MinuitMethods.cpp */ = {isa = PBXFileReference; fileEncoding = 4; lastKnownFileType = sourcecode.cpp.cpp; name = MinuitMethods.cpp; path = Minuit/MinuitMethods.cpp; sourceTree = "<group>"; };
		4DB6C33D12E89CAB001546E4 /* ReceiveOSCThread.cpp */ = {isa = PBXFileReference; fileEncoding = 4; lastKnownFileType = sourcecode.cpp.cpp; name = ReceiveOSCThread.cpp; path = Minuit/ReceiveOSCThread.cpp; sourceTree = "<group>"; };
		D29C8A7A135B040500458AFC /* IpEndpointName.cpp */ = {isa = PBXFileReference; fileEncoding = 4; lastKnownFileType = sourcecode.cpp.cpp; path = IpEndpointName.cpp; sourceTree = "<group>"; };
		D29C8A7B135B040500458AFC /* IpEndpointName.h */ = {isa = PBXFileReference; fileEncoding = 4; lastKnownFileType = sourcecode.c.h; path = IpEndpointName.h; sourceTree = "<group>"; };
		D29C8A7C135B040500458AFC /* NetworkingUtils.cpp */ = {isa = PBXFileReference; fileEncoding = 4; lastKnownFileType = sourcecode.cpp.cpp; path = NetworkingUtils.cpp; sourceTree = "<group>"; };
		D29C8A7D135B040500458AFC /* NetworkingUtils.h */ = {isa = PBXFileReference; fileEncoding = 4; lastKnownFileType = sourcecode.c.h; path = NetworkingUtils.h; sourceTree = "<group>"; };
		D29C8A7E135B040500458AFC /* PacketListener.h */ = {isa = PBXFileReference; fileEncoding = 4; lastKnownFileType = sourcecode.c.h; path = PacketListener.h; sourceTree = "<group>"; };
		D29C8A7F135B040500458AFC /* TimerListener.h */ = {isa = PBXFileReference; fileEncoding = 4; lastKnownFileType = sourcecode.c.h; path = TimerListener.h; sourceTree = "<group>"; };
		D29C8A80135B040500458AFC /* UdpSocket.cpp */ = {isa = PBXFileReference; fileEncoding = 4; lastKnownFileType = sourcecode.cpp.cpp; path = UdpSocket.cpp; sourceTree = "<group>"; };
		D29C8A81135B040500458AFC /* UdpSocket.h */ = {isa = PBXFileReference; fileEncoding = 4; lastKnownFileType = sourcecode.c.h; path = UdpSocket.h; sourceTree = "<group>"; };
		D29C8A83135B040500458AFC /* MessageMappingOscPacketListener.h */ = {isa = PBXFileReference; fileEncoding = 4; lastKnownFileType = sourcecode.c.h; path = MessageMappingOscPacketListener.h; sourceTree = "<group>"; };
		D29C8A84135B040500458AFC /* OscException.h */ = {isa = PBXFileReference; fileEncoding = 4; lastKnownFileType = sourcecode.c.h; path = OscException.h; sourceTree = "<group>"; };
		D29C8A85135B040500458AFC /* OscHostEndianness.h */ = {isa = PBXFileReference; fileEncoding = 4; lastKnownFileType = sourcecode.c.h; path = OscHostEndianness.h; sourceTree = "<group>"; };
		D29C8A86135B040500458AFC /* OscOutboundPacketStream.cpp */ = {isa = PBXFileReference; fileEncoding = 4; lastKnownFileType = sourcecode.cpp.cpp; path = OscOutboundPacketStream.cpp; sourceTree = "<group>"; };
		D29C8A87135B040500458AFC /* OscOutboundPacketStream.h */ = {isa = PBXFileReference; fileEncoding = 4; lastKnownFileType = sourcecode.c.h; path = OscOutboundPacketStream.h; sourceTree = "<group>"; };
		D29C8A88135B040500458AFC /* OscPacketListener.h */ = {isa = PBXFileReference; fileEncoding = 4; lastKnownFileType = sourcecode.c.h; path = OscPacketListener.h; sourceTree = "<group>"; };
		D29C8A89135B040500458AFC /* OscPrintReceivedElements.cpp */ = {isa = PBXFileReference; fileEncoding = 4; lastKnownFileType = sourcecode.cpp.cpp; path = OscPrintReceivedElements.cpp; sourceTree = "<group>"; };
		D29C8A8A135B040500458AFC /* OscPrintReceivedElements.h */ = {isa = PBXFileReference; fileEncoding = 4; lastKnownFileType = sourcecode.c.h; path = OscPrintReceivedElements.h; sourceTree = "<group>"; };
		D29C8A8B135B040500458AFC /* OscReceivedElements.cpp */ = {isa = PBXFileReference; fileEncoding = 4; lastKnownFileType = sourcecode.cpp.cpp; path = OscReceivedElements.cpp; sourceTree = "<group>"; };
		D29C8A8C135B040500458AFC /* OscReceivedElements.h */ = {isa = PBXFileReference; fileEncoding = 4; lastKnownFileType = sourcecode.c.h; path = OscReceivedElements.h; sourceTree = "<group>"; };
		D29C8A8D135B040500458AFC /* OscTypes.cpp */ = {isa = PBXFileReference; fileEncoding = 4; lastKnownFileType = sourcecode.cpp.cpp; path = OscTypes.cpp; sourceTree = "<group>"; };
		D29C8A8E135B040500458AFC /* OscTypes.h */ = {isa = PBXFileReference; fileEncoding = 4; lastKnownFileType = sourcecode.c.h; path = OscTypes.h; sourceTree = "<group>"; };
		D29C8BC2135B08CD00458AFC /* Minuit.xcconfig */ = {isa = PBXFileReference; fileEncoding = 4; lastKnownFileType = text.xcconfig; path = Minuit.xcconfig; sourceTree = "<group>"; };
		D2A685EE13C99B9E00CDA473 /* MinuitAnswer.cpp */ = {isa = PBXFileReference; fileEncoding = 4; lastKnownFileType = sourcecode.cpp.cpp; name = MinuitAnswer.cpp; path = Minuit/MinuitAnswer.cpp; sourceTree = "<group>"; };
		D2A685EF13C99B9E00CDA473 /* MinuitAnswer.hpp */ = {isa = PBXFileReference; fileEncoding = 4; lastKnownFileType = sourcecode.cpp.h; name = MinuitAnswer.hpp; path = Minuit/MinuitAnswer.hpp; sourceTree = "<group>"; };
		D2F6BC1D1360FD45001F558B /* JamomaFoundation.dylib */ = {isa = PBXFileReference; lastKnownFileType = "compiled.mach-o.dylib"; name = JamomaFoundation.dylib; path = ../../../Foundation/library/build/UninstalledProducts/JamomaFoundation.dylib; sourceTree = SOURCE_ROOT; };
		D2F6BC201360FD65001F558B /* Plugin.h */ = {isa = PBXFileReference; fileEncoding = 4; lastKnownFileType = sourcecode.c.h; name = Plugin.h; path = ../../library/PluginLib/includes/Plugin.h; sourceTree = SOURCE_ROOT; };
/* End PBXFileReference section */

/* Begin PBXFrameworksBuildPhase section */
		224B076311DEA0E000B6EF48 /* Frameworks */ = {
			isa = PBXFrameworksBuildPhase;
			buildActionMask = 2147483647;
			files = (
				D2F6BC1E1360FD45001F558B /* JamomaFoundation.dylib in Frameworks */,
			);
			runOnlyForDeploymentPostprocessing = 0;
		};
/* End PBXFrameworksBuildPhase section */

/* Begin PBXGroup section */
		034768DFFF38A50411DB9C8B /* Products */ = {
			isa = PBXGroup;
			children = (
				224B076511DEA0E000B6EF48 /* Minuit.dylib */,
			);
			name = Products;
			sourceTree = "<group>";
		};
		0867D691FE84028FC02AAC07 /* MaxObject */ = {
			isa = PBXGroup;
			children = (
				D29C8BC2135B08CD00458AFC /* Minuit.xcconfig */,
				22FD2DCF0CEE5B770039C226 /* Headers */,
				08FB77AEFE84172EC02AAC07 /* Sources */,
				D29C8A78135B040500458AFC /* NetworkCommunication */,
				0867D69AFE84028FC02AAC07 /* External Frameworks and Libraries */,
				034768DFFF38A50411DB9C8B /* Products */,
			);
			name = MaxObject;
			sourceTree = "<group>";
		};
		0867D69AFE84028FC02AAC07 /* External Frameworks and Libraries */ = {
			isa = PBXGroup;
			children = (
				D2F6BC1D1360FD45001F558B /* JamomaFoundation.dylib */,
			);
			name = "External Frameworks and Libraries";
			sourceTree = "<group>";
		};
		08FB77AEFE84172EC02AAC07 /* Sources */ = {
			isa = PBXGroup;
			children = (
				4D175C6E12E72D1300BDF8D0 /* Minuit.cpp */,
				4DB6C33812E89CAB001546E4 /* MinuitMethods.cpp */,
				D2A685EE13C99B9E00CDA473 /* MinuitAnswer.cpp */,
				4DB6C33D12E89CAB001546E4 /* ReceiveOSCThread.cpp */,
			);
			name = Sources;
			sourceTree = "<group>";
		};
		22FD2DCF0CEE5B770039C226 /* Headers */ = {
			isa = PBXGroup;
			children = (
				D2F6BC201360FD65001F558B /* Plugin.h */,
				4DB6C32D12E89C9A001546E4 /* MinuitInclude.hpp */,
				4DB6C32A12E89C9A001546E4 /* MinuitMethods.hpp */,
				D2A685EF13C99B9E00CDA473 /* MinuitAnswer.hpp */,
				4DB6C33012E89C9A001546E4 /* ReceiveOSCThread.hpp */,
			);
			name = Headers;
			sourceTree = "<group>";
		};
		D29C8A78135B040500458AFC /* NetworkCommunication */ = {
			isa = PBXGroup;
			children = (
				D29C8A79135B040500458AFC /* ip */,
				D29C8A82135B040500458AFC /* osc */,
			);
			name = NetworkCommunication;
			path = ../NetworkCommunication;
			sourceTree = SOURCE_ROOT;
		};
		D29C8A79135B040500458AFC /* ip */ = {
			isa = PBXGroup;
			children = (
				D29C8A7A135B040500458AFC /* IpEndpointName.cpp */,
				D29C8A7B135B040500458AFC /* IpEndpointName.h */,
				D29C8A7C135B040500458AFC /* NetworkingUtils.cpp */,
				D29C8A7D135B040500458AFC /* NetworkingUtils.h */,
				D29C8A7E135B040500458AFC /* PacketListener.h */,
				D29C8A7F135B040500458AFC /* TimerListener.h */,
				D29C8A80135B040500458AFC /* UdpSocket.cpp */,
				D29C8A81135B040500458AFC /* UdpSocket.h */,
			);
			path = ip;
			sourceTree = "<group>";
		};
		D29C8A82135B040500458AFC /* osc */ = {
			isa = PBXGroup;
			children = (
				D29C8A83135B040500458AFC /* MessageMappingOscPacketListener.h */,
				D29C8A84135B040500458AFC /* OscException.h */,
				D29C8A85135B040500458AFC /* OscHostEndianness.h */,
				D29C8A86135B040500458AFC /* OscOutboundPacketStream.cpp */,
				D29C8A87135B040500458AFC /* OscOutboundPacketStream.h */,
				D29C8A88135B040500458AFC /* OscPacketListener.h */,
				D29C8A89135B040500458AFC /* OscPrintReceivedElements.cpp */,
				D29C8A8A135B040500458AFC /* OscPrintReceivedElements.h */,
				D29C8A8B135B040500458AFC /* OscReceivedElements.cpp */,
				D29C8A8C135B040500458AFC /* OscReceivedElements.h */,
				D29C8A8D135B040500458AFC /* OscTypes.cpp */,
				D29C8A8E135B040500458AFC /* OscTypes.h */,
			);
			path = osc;
			sourceTree = "<group>";
		};
/* End PBXGroup section */

/* Begin PBXHeadersBuildPhase section */
		4DF70AED12CB9C8C00AEABFC /* Headers */ = {
			isa = PBXHeadersBuildPhase;
			buildActionMask = 2147483647;
			files = (
				4DB6C33112E89C9A001546E4 /* MinuitMethods.hpp in Headers */,
				4DB6C33412E89C9A001546E4 /* MinuitInclude.hpp in Headers */,
				4DB6C33712E89C9A001546E4 /* ReceiveOSCThread.hpp in Headers */,
				D29C8A90135B040500458AFC /* IpEndpointName.h in Headers */,
				D29C8A92135B040500458AFC /* NetworkingUtils.h in Headers */,
				D29C8A93135B040500458AFC /* PacketListener.h in Headers */,
				D29C8A94135B040500458AFC /* TimerListener.h in Headers */,
				D29C8A96135B040500458AFC /* UdpSocket.h in Headers */,
				D29C8A97135B040500458AFC /* MessageMappingOscPacketListener.h in Headers */,
				D29C8A98135B040500458AFC /* OscException.h in Headers */,
				D29C8A99135B040500458AFC /* OscHostEndianness.h in Headers */,
				D29C8A9B135B040500458AFC /* OscOutboundPacketStream.h in Headers */,
				D29C8A9C135B040500458AFC /* OscPacketListener.h in Headers */,
				D29C8A9E135B040500458AFC /* OscPrintReceivedElements.h in Headers */,
				D29C8AA0135B040500458AFC /* OscReceivedElements.h in Headers */,
				D29C8AA2135B040500458AFC /* OscTypes.h in Headers */,
				D2F6BC211360FD65001F558B /* Plugin.h in Headers */,
				D2A685F113C99B9E00CDA473 /* MinuitAnswer.hpp in Headers */,
			);
			runOnlyForDeploymentPostprocessing = 0;
		};
/* End PBXHeadersBuildPhase section */

/* Begin PBXNativeTarget section */
		224B076411DEA0E000B6EF48 /* Minuit */ = {
			isa = PBXNativeTarget;
			buildConfigurationList = 224B076811DEA11D00B6EF48 /* Build configuration list for PBXNativeTarget "Minuit" */;
			buildPhases = (
				224B076211DEA0E000B6EF48 /* Sources */,
				224B076311DEA0E000B6EF48 /* Frameworks */,
				4DF70AED12CB9C8C00AEABFC /* Headers */,
				D24020B813618E6500C3567B /* ShellScript */,
			);
			buildRules = (
			);
			dependencies = (
			);
			name = Minuit;
			productName = JamomaModular;
			productReference = 224B076511DEA0E000B6EF48 /* Minuit.dylib */;
			productType = "com.apple.product-type.library.dynamic";
		};
/* End PBXNativeTarget section */

/* Begin PBXProject section */
		0867D690FE84028FC02AAC07 /* Project object */ = {
			isa = PBXProject;
			buildConfigurationList = 1DEB91B108733DA50010E9CD /* Build configuration list for PBXProject "Minuit" */;
			compatibilityVersion = "Xcode 3.1";
			hasScannedForEncodings = 1;
			knownRegions = (
				en,
			);
			mainGroup = 0867D691FE84028FC02AAC07 /* MaxObject */;
			productRefGroup = 034768DFFF38A50411DB9C8B /* Products */;
			projectDirPath = "";
			projectRoot = "";
			targets = (
				224B076411DEA0E000B6EF48 /* Minuit */,
			);
		};
/* End PBXProject section */

/* Begin PBXShellScriptBuildPhase section */
		D24020B813618E6500C3567B /* ShellScript */ = {
			isa = PBXShellScriptBuildPhase;
			buildActionMask = 2147483647;
			files = (
			);
			inputPaths = (
			);
			outputPaths = (
			);
			runOnlyForDeploymentPostprocessing = 0;
			shellPath = /bin/sh;
			shellScript = "/bin/mkdir -p -m 775 \"/usr/local/jamoma/ext\"\n/bin/cp -R \"$TARGET_BUILD_DIR/$PRODUCT_NAME.$EXECUTABLE_EXTENSION\" \"/usr/local/jamoma/ext\"\n";
		};
/* End PBXShellScriptBuildPhase section */

/* Begin PBXSourcesBuildPhase section */
		224B076211DEA0E000B6EF48 /* Sources */ = {
			isa = PBXSourcesBuildPhase;
			buildActionMask = 2147483647;
			files = (
				4D175C6F12E72D1300BDF8D0 /* Minuit.cpp in Sources */,
				4DB6C33E12E89CAB001546E4 /* MinuitMethods.cpp in Sources */,
				4DB6C34312E89CAB001546E4 /* ReceiveOSCThread.cpp in Sources */,
				D29C8A8F135B040500458AFC /* IpEndpointName.cpp in Sources */,
				D29C8A91135B040500458AFC /* NetworkingUtils.cpp in Sources */,
				D29C8A95135B040500458AFC /* UdpSocket.cpp in Sources */,
				D29C8A9A135B040500458AFC /* OscOutboundPacketStream.cpp in Sources */,
				D29C8A9D135B040500458AFC /* OscPrintReceivedElements.cpp in Sources */,
				D29C8A9F135B040500458AFC /* OscReceivedElements.cpp in Sources */,
				D29C8AA1135B040500458AFC /* OscTypes.cpp in Sources */,
				D2A685F013C99B9E00CDA473 /* MinuitAnswer.cpp in Sources */,
			);
			runOnlyForDeploymentPostprocessing = 0;
		};
/* End PBXSourcesBuildPhase section */

/* Begin XCBuildConfiguration section */
		1DEB91B208733DA50010E9CD /* Development */ = {
			isa = XCBuildConfiguration;
			buildSettings = {
				ARCHS = "$(ARCHS_STANDARD_32_BIT)";
				GCC_PREPROCESSOR_DEFINITIONS = TT_PLUGIN_DEBUG;
				GCC_WARN_ABOUT_RETURN_TYPE = YES;
				GCC_WARN_UNUSED_VARIABLE = YES;
				INSTALL_PATH = "\"$(LOCAL_LIBRARY_DIR)/Application Support/Jamoma/Extensions\"";
				LD_DYLIB_INSTALL_NAME = "";
				ONLY_ACTIVE_ARCH = YES;
				PREBINDING = NO;
				PRODUCT_NAME = Minuit;
				SDKROOT = macosx10.5;
			};
			name = Development;
		};
		1DEB91B308733DA50010E9CD /* Deployment */ = {
			isa = XCBuildConfiguration;
			buildSettings = {
				ARCHS = "$(ARCHS_STANDARD_32_BIT)";
				GCC_C_LANGUAGE_STANDARD = c99;
				GCC_WARN_ABOUT_RETURN_TYPE = YES;
				GCC_WARN_UNUSED_VARIABLE = YES;
				INSTALL_PATH = "\"$(LOCAL_LIBRARY_DIR)/Application Support/Jamoma/Extensions\"";
				LD_DYLIB_INSTALL_NAME = "";
				PREBINDING = NO;
				SDKROOT = macosx10.5;
			};
			name = Deployment;
		};
		224B076611DEA0E000B6EF48 /* Development */ = {
			isa = XCBuildConfiguration;
			baseConfigurationReference = D29C8BC2135B08CD00458AFC /* Minuit.xcconfig */;
			buildSettings = {
				ARCHS = (
					x86_64,
					i386,
				);
				COPY_PHASE_STRIP = NO;
				DEPLOYMENT_LOCATION = YES;
				DSTROOT = /;
				DYLIB_COMPATIBILITY_VERSION = 1;
				DYLIB_CURRENT_VERSION = 1;
				FRAMEWORK_SEARCH_PATHS = "";
				GCC_INLINES_ARE_PRIVATE_EXTERN = YES;
				GCC_OPTIMIZATION_LEVEL = 0;
				GCC_PRECOMPILE_PREFIX_HEADER = NO;
				GCC_PREFIX_HEADER = "$(SRCROOT)/../prefix.pch";
				GCC_PREPROCESSOR_DEFINITIONS = "";
				HEADER_SEARCH_PATHS = "\"$(SRCROOT)/../../../Foundation/library/includes\"";
				INSTALL_PATH = "\"$(LOCAL_LIBRARY_DIR)/Application Support/Jamoma/Extensions\"";
				LD_DYLIB_INSTALL_NAME = "\"$(LOCAL_LIBRARY_DIR)/Application Support/Jamoma/Extensions/Minuit.dylib\"";
				LIBRARY_SEARCH_PATHS = (
					"$(inherited)",
					"\"$(LOCAL_LIBRARY_DIR)/Application Support/Jamoma/Libraries\"",
					"\"$(SRCROOT)/../../../Foundation/library/build/UninstalledProducts\"",
				);
				OTHER_CPLUSPLUSFLAGS = (
					"$(OTHER_CFLAGS)",
					"-Wno-deprecated",
				);
				SKIP_INSTALL = YES;
			};
			name = Development;
		};
		224B076711DEA0E000B6EF48 /* Deployment */ = {
			isa = XCBuildConfiguration;
			baseConfigurationReference = D29C8BC2135B08CD00458AFC /* Minuit.xcconfig */;
			buildSettings = {
				ARCHS = (
					x86_64,
					i386,
				);
				COPY_PHASE_STRIP = YES;
				DEBUG_INFORMATION_FORMAT = "dwarf-with-dsym";
				DEPLOYMENT_POSTPROCESSING = NO;
				DYLIB_COMPATIBILITY_VERSION = 1;
				DYLIB_CURRENT_VERSION = 1;
				FRAMEWORK_SEARCH_PATHS = "";
				GCC_OPTIMIZATION_LEVEL = 3;
				GCC_PRECOMPILE_PREFIX_HEADER = NO;
				GCC_PREFIX_HEADER = "$(SRCROOT)/../prefix.pch";
				HEADER_SEARCH_PATHS = "\"$(SRCROOT)/../../../Foundation/library/includes\"";
				INFOPLIST_FILE = "$(SRCROOT)/Info.plist";
				INSTALL_PATH = "\"$(LOCAL_LIBRARY_DIR)/Application Support/Jamoma/Extensions\"";
				LD_DYLIB_INSTALL_NAME = "\"$(LOCAL_LIBRARY_DIR)/Application Support/Jamoma/Extensions/Minuit.dylib\"";
				LIBRARY_SEARCH_PATHS = (
					"$(inherited)",
					"\"$(LOCAL_LIBRARY_DIR)/Application Support/Jamoma/Libraries\"",
					"\"$(SRCROOT)/../../../Foundation/library/build/UninstalledProducts\"",
				);
				OTHER_CPLUSPLUSFLAGS = (
					"$(OTHER_CFLAGS)",
					"-Wno-deprecated",
				);
				PRODUCT_NAME = Minuit;
				SDKROOT = "$(DEVELOPER_DIR)/SDKs/MacOSX10.5.sdk";
				SKIP_INSTALL = YES;
			};
			name = Deployment;
		};
/* End XCBuildConfiguration section */

/* Begin XCConfigurationList section */
		1DEB91B108733DA50010E9CD /* Build configuration list for PBXProject "Minuit" */ = {
			isa = XCConfigurationList;
			buildConfigurations = (
				1DEB91B208733DA50010E9CD /* Development */,
				1DEB91B308733DA50010E9CD /* Deployment */,
			);
			defaultConfigurationIsVisible = 0;
			defaultConfigurationName = Deployment;
		};
		224B076811DEA11D00B6EF48 /* Build configuration list for PBXNativeTarget "Minuit" */ = {
			isa = XCConfigurationList;
			buildConfigurations = (
				224B076611DEA0E000B6EF48 /* Development */,
				224B076711DEA0E000B6EF48 /* Deployment */,
			);
			defaultConfigurationIsVisible = 0;
			defaultConfigurationName = Deployment;
		};
/* End XCConfigurationList section */
	};
	rootObject = 0867D690FE84028FC02AAC07 /* Project object */;
}
