// !$*UTF8*$!
{
	archiveVersion = 1;
	classes = {
	};
	objectVersion = 46;
	objects = {

/* Begin PBXFileReference section */
		22AD16811660641A002FD7E3 /* TTSpatSnapRenderer.cpp */ = {isa = PBXFileReference; lastKnownFileType = sourcecode.cpp.cpp; name = TTSpatSnapRenderer.cpp; path = source/TTSpatSnapRenderer.cpp; sourceTree = "<group>"; };
		22AD16831660642D002FD7E3 /* TTSpatSnapRenderer.h */ = {isa = PBXFileReference; lastKnownFileType = sourcecode.c.h; name = TTSpatSnapRenderer.h; path = includes/TTSpatSnapRenderer.h; sourceTree = "<group>"; };
		22AD16841660654E002FD7E3 /* Makefile */ = {isa = PBXFileReference; lastKnownFileType = sourcecode.make; path = Makefile; sourceTree = "<group>"; };
		22AD168516606716002FD7E3 /* TTSpatDBAP.cpp */ = {isa = PBXFileReference; lastKnownFileType = sourcecode.cpp.cpp; name = TTSpatDBAP.cpp; path = source/TTSpatDBAP.cpp; sourceTree = "<group>"; };
		22AD168616606716002FD7E3 /* TTSpatDBAPRenderer.cpp */ = {isa = PBXFileReference; lastKnownFileType = sourcecode.cpp.cpp; name = TTSpatDBAPRenderer.cpp; path = source/TTSpatDBAPRenderer.cpp; sourceTree = "<group>"; };
		22AD16871660673D002FD7E3 /* TTSpatDBAP.h */ = {isa = PBXFileReference; lastKnownFileType = sourcecode.c.h; name = TTSpatDBAP.h; path = includes/TTSpatDBAP.h; sourceTree = "<group>"; };
		22AD16881660673D002FD7E3 /* TTSpatDBAPRenderer.h */ = {isa = PBXFileReference; lastKnownFileType = sourcecode.c.h; name = TTSpatDBAPRenderer.h; path = includes/TTSpatDBAPRenderer.h; sourceTree = "<group>"; };
		22AD168916606C18002FD7E3 /* TTSpatDBAP.test.cpp */ = {isa = PBXFileReference; lastKnownFileType = sourcecode.cpp.cpp; name = TTSpatDBAP.test.cpp; path = tests/TTSpatDBAP.test.cpp; sourceTree = "<group>"; };
		22AD168A16606F62002FD7E3 /* TTSpatDBAPSource.cpp */ = {isa = PBXFileReference; lastKnownFileType = sourcecode.cpp.cpp; name = TTSpatDBAPSource.cpp; path = source/TTSpatDBAPSource.cpp; sourceTree = "<group>"; };
		22AD168B16606F77002FD7E3 /* TTSpatDBAPSource.h */ = {isa = PBXFileReference; lastKnownFileType = sourcecode.c.h; name = TTSpatDBAPSource.h; path = includes/TTSpatDBAPSource.h; sourceTree = "<group>"; };
		22AD168C16607989002FD7E3 /* TTSpatBase.h */ = {isa = PBXFileReference; lastKnownFileType = sourcecode.c.h; name = TTSpatBase.h; path = includes/TTSpatBase.h; sourceTree = "<group>"; };
		22AD168D1660799D002FD7E3 /* TTSpatBase.cpp */ = {isa = PBXFileReference; lastKnownFileType = sourcecode.cpp.cpp; name = TTSpatBase.cpp; path = source/TTSpatBase.cpp; sourceTree = "<group>"; };
		22AD16A01664FE80002FD7E3 /* TTSpatBaseRenderer.cpp */ = {isa = PBXFileReference; lastKnownFileType = sourcecode.cpp.cpp; name = TTSpatBaseRenderer.cpp; path = source/TTSpatBaseRenderer.cpp; sourceTree = "<group>"; };
		22AD16A11664FE98002FD7E3 /* TTSpatBaseRenderer.h */ = {isa = PBXFileReference; lastKnownFileType = sourcecode.c.h; name = TTSpatBaseRenderer.h; path = includes/TTSpatBaseRenderer.h; sourceTree = "<group>"; };
		660420F414A988C800FEC268 /* TTSpatSnap.h */ = {isa = PBXFileReference; fileEncoding = 4; lastKnownFileType = sourcecode.c.h; name = TTSpatSnap.h; path = includes/TTSpatSnap.h; sourceTree = "<group>"; };
		660420F714A988D100FEC268 /* TTSpatSnap.cpp */ = {isa = PBXFileReference; fileEncoding = 4; lastKnownFileType = sourcecode.cpp.cpp; name = TTSpatSnap.cpp; path = source/TTSpatSnap.cpp; sourceTree = "<group>"; };
		6659A12414A985CC00D83E3C /* TTSpatLib.cpp */ = {isa = PBXFileReference; fileEncoding = 4; lastKnownFileType = sourcecode.cpp.cpp; path = TTSpatLib.cpp; sourceTree = "<group>"; };
		6659A12614A985CC00D83E3C /* TTSpat.cpp */ = {isa = PBXFileReference; fileEncoding = 4; lastKnownFileType = sourcecode.cpp.cpp; path = TTSpat.cpp; sourceTree = "<group>"; };
		6659A12714A985CC00D83E3C /* TTSpat.h */ = {isa = PBXFileReference; fileEncoding = 4; lastKnownFileType = sourcecode.c.h; path = TTSpat.h; sourceTree = "<group>"; };
		A737BFC31659C726001FC856 /* TTSpatEntity.cpp */ = {isa = PBXFileReference; fileEncoding = 4; lastKnownFileType = sourcecode.cpp.cpp; name = TTSpatEntity.cpp; path = source/TTSpatEntity.cpp; sourceTree = "<group>"; };
		A7957BF1164DA184002E58EF /* TTSpatSnap.test.cpp */ = {isa = PBXFileReference; lastKnownFileType = sourcecode.cpp.cpp; name = TTSpatSnap.test.cpp; path = tests/TTSpatSnap.test.cpp; sourceTree = "<group>"; };
		A7D89B651659BC97005E9FF9 /* TTSpatEntity.h */ = {isa = PBXFileReference; lastKnownFileType = sourcecode.c.h; name = TTSpatEntity.h; path = includes/TTSpatEntity.h; sourceTree = "<group>"; };
		A7F279BF165AC7E200AE3D8A /* SpatLib.yml */ = {isa = PBXFileReference; lastKnownFileType = text; path = SpatLib.yml; sourceTree = "<group>"; };
/* End PBXFileReference section */

/* Begin PBXGroup section */
		08FB7794FE84155DC02AAC07 /* SpatLib */ = {
			isa = PBXGroup;
			children = (
				A7F279BF165AC7E200AE3D8A /* SpatLib.yml */,
				22AD16841660654E002FD7E3 /* Makefile */,
				6659A12714A985CC00D83E3C /* TTSpat.h */,
				6659A12614A985CC00D83E3C /* TTSpat.cpp */,
				6659A12414A985CC00D83E3C /* TTSpatLib.cpp */,
				A7957BED164DA159002E58EF /* Base */,
				22AD169E1664F8F9002FD7E3 /* Snap */,
				A7957BEF164DA15F002E58EF /* DBAP */,
			);
			name = SpatLib;
			sourceTree = "<group>";
		};
		22AD169E1664F8F9002FD7E3 /* Snap */ = {
			isa = PBXGroup;
			children = (
				660420F414A988C800FEC268 /* TTSpatSnap.h */,
				660420F714A988D100FEC268 /* TTSpatSnap.cpp */,
				22AD16831660642D002FD7E3 /* TTSpatSnapRenderer.h */,
				22AD16811660641A002FD7E3 /* TTSpatSnapRenderer.cpp */,
				A7957BF1164DA184002E58EF /* TTSpatSnap.test.cpp */,
			);
			name = Snap;
			sourceTree = "<group>";
		};
		A7957BED164DA159002E58EF /* Base */ = {
			isa = PBXGroup;
			children = (
				A7D89B651659BC97005E9FF9 /* TTSpatEntity.h */,
				A737BFC31659C726001FC856 /* TTSpatEntity.cpp */,
				22AD168C16607989002FD7E3 /* TTSpatBase.h */,
				22AD168D1660799D002FD7E3 /* TTSpatBase.cpp */,
				22AD16A11664FE98002FD7E3 /* TTSpatBaseRenderer.h */,
				22AD16A01664FE80002FD7E3 /* TTSpatBaseRenderer.cpp */,
			);
			name = Base;
			sourceTree = "<group>";
		};
		A7957BEF164DA15F002E58EF /* DBAP */ = {
			isa = PBXGroup;
			children = (
				22AD16871660673D002FD7E3 /* TTSpatDBAP.h */,
				22AD168516606716002FD7E3 /* TTSpatDBAP.cpp */,
				22AD168B16606F77002FD7E3 /* TTSpatDBAPSource.h */,
				22AD168A16606F62002FD7E3 /* TTSpatDBAPSource.cpp */,
				22AD16881660673D002FD7E3 /* TTSpatDBAPRenderer.h */,
				22AD168616606716002FD7E3 /* TTSpatDBAPRenderer.cpp */,
				22AD168916606C18002FD7E3 /* TTSpatDBAP.test.cpp */,
			);
			name = DBAP;
			sourceTree = "<group>";
		};
/* End PBXGroup section */

/* Begin PBXLegacyTarget section */
		D28A88AD04BDD90700651E21 /* SpatLib */ = {
			isa = PBXLegacyTarget;
			buildArgumentsString = "$(ACTION)";
			buildConfigurationList = 1DEB918F08733D9F0010E9CD /* Build configuration list for PBXLegacyTarget "SpatLib" */;
			buildPhases = (
			);
			buildToolPath = /usr/bin/make;
			dependencies = (
			);
			name = SpatLib;
			passBuildSettingsInEnvironment = 1;
			productName = SpatLib;
		};
/* End PBXLegacyTarget section */

/* Begin PBXProject section */
		08FB7793FE84155DC02AAC07 /* Project object */ = {
			isa = PBXProject;
			attributes = {
				LastUpgradeCheck = 0450;
			};
			buildConfigurationList = 1DEB919308733D9F0010E9CD /* Build configuration list for PBXProject "SpatLib" */;
			compatibilityVersion = "Xcode 3.2";
			developmentRegion = English;
			hasScannedForEncodings = 1;
			knownRegions = (
				English,
				Japanese,
				French,
				German,
			);
			mainGroup = 08FB7794FE84155DC02AAC07 /* SpatLib */;
			projectDirPath = "";
			projectRoot = "";
			targets = (
				D28A88AD04BDD90700651E21 /* SpatLib */,
			);
		};
/* End PBXProject section */

/* Begin XCBuildConfiguration section */
		1DEB919008733D9F0010E9CD /* Debug */ = {
			isa = XCBuildConfiguration;
			buildSettings = {
				COMBINE_HIDPI_IMAGES = YES;
				COPY_PHASE_STRIP = NO;
				DEBUGGING_SYMBOLS = YES;
				GCC_DYNAMIC_NO_PIC = NO;
				GCC_GENERATE_DEBUGGING_SYMBOLS = YES;
				GCC_OPTIMIZATION_LEVEL = 0;
				OTHER_CFLAGS = "";
				OTHER_LDFLAGS = "";
				PRODUCT_NAME = SpatLib;
			};
			name = Debug;
		};
		1DEB919108733D9F0010E9CD /* Release */ = {
			isa = XCBuildConfiguration;
			buildSettings = {
				COMBINE_HIDPI_IMAGES = YES;
				COPY_PHASE_STRIP = YES;
				OTHER_CFLAGS = "";
				OTHER_LDFLAGS = "";
				PRODUCT_NAME = SpatLib;
			};
			name = Release;
		};
		1DEB919408733D9F0010E9CD /* Debug */ = {
			isa = XCBuildConfiguration;
			buildSettings = {
			};
			name = Debug;
		};
		1DEB919508733D9F0010E9CD /* Release */ = {
			isa = XCBuildConfiguration;
			buildSettings = {
			};
			name = Release;
		};
/* End XCBuildConfiguration section */

/* Begin XCConfigurationList section */
		1DEB918F08733D9F0010E9CD /* Build configuration list for PBXLegacyTarget "SpatLib" */ = {
			isa = XCConfigurationList;
			buildConfigurations = (
				1DEB919008733D9F0010E9CD /* Debug */,
				1DEB919108733D9F0010E9CD /* Release */,
			);
			defaultConfigurationIsVisible = 0;
			defaultConfigurationName = Release;
		};
		1DEB919308733D9F0010E9CD /* Build configuration list for PBXProject "SpatLib" */ = {
			isa = XCConfigurationList;
			buildConfigurations = (
				1DEB919408733D9F0010E9CD /* Debug */,
				1DEB919508733D9F0010E9CD /* Release */,
			);
			defaultConfigurationIsVisible = 0;
			defaultConfigurationName = Release;
		};
/* End XCConfigurationList section */
	};
	rootObject = 08FB7793FE84155DC02AAC07 /* Project object */;
}
