
Microsoft Visual Studio Solution File, Format Version 10.00
# Visual C++ Express 2008
Project("{8BC9CEB8-8B4A-11D0-8D11-00A0C91BC942}") = "EffectsLib", "EffectsLib.vcproj", "{946C1578-B549-4F2C-820E-CC8E2E2B94DC}"
EndProject
Global
	GlobalSection(SolutionConfigurationPlatforms) = preSolution
		Debug|Win32 = Debug|Win32
		Release|Win32 = Release|Win32
	EndGlobalSection
	GlobalSection(ProjectConfigurationPlatforms) = postSolution
		{946C1578-B549-4F2C-820E-CC8E2E2B94DC}.Debug|Win32.ActiveCfg = Debug|Win32
		{946C1578-B549-4F2C-820E-CC8E2E2B94DC}.Debug|Win32.Build.0 = Debug|Win32
		{946C1578-B549-4F2C-820E-CC8E2E2B94DC}.Release|Win32.ActiveCfg = Release|Win32
		{946C1578-B549-4F2C-820E-CC8E2E2B94DC}.Release|Win32.Build.0 = Release|Win32
	EndGlobalSection
	GlobalSection(SolutionProperties) = preSolution
		HideSolutionNode = FALSE
	EndGlobalSection
EndGlobal
