// !$*UTF8*$!
{
	archiveVersion = 1;
	classes = {
	};
	objectVersion = 42;
	objects = {

/* Begin PBXBuildFile section */
		221425F50BCD10C30030C642 /* MaxAPI.framework in Frameworks */ = {isa = PBXBuildFile; fileRef = 221425F40BCD10C30030C642 /* MaxAPI.framework */; };
		22AEF7780D0EDCC300F7762D /* Jamoma.framework in Frameworks */ = {isa = PBXBuildFile; fileRef = 22AEF7770D0EDCC300F7762D /* Jamoma.framework */; };
		22AEF7BD0D0EDCD200F7762D /* MaxAudioAPI.framework in Frameworks */ = {isa = PBXBuildFile; fileRef = 22AEF7BC0D0EDCD200F7762D /* MaxAudioAPI.framework */; };
		22AEF8F00D0EFB0B00F7762D /* scheduler.cpp in Sources */ = {isa = PBXBuildFile; fileRef = 22AEF8EE0D0EFB0B00F7762D /* scheduler.cpp */; };
		22D76E850BFBFC730090548D /* Info.plist in Resources */ = {isa = PBXBuildFile; fileRef = 22D76E840BFBFC730090548D /* Info.plist */; };
/* End PBXBuildFile section */

/* Begin PBXFileReference section */
		221425F40BCD10C30030C642 /* MaxAPI.framework */ = {isa = PBXFileReference; lastKnownFileType = wrapper.framework; name = MaxAPI.framework; path = /Library/Frameworks/MaxAPI.framework; sourceTree = "<absolute>"; };
		22AEF7770D0EDCC300F7762D /* Jamoma.framework */ = {isa = PBXFileReference; lastKnownFileType = wrapper.framework; name = Jamoma.framework; path = /Library/Frameworks/Jamoma.framework; sourceTree = "<absolute>"; };
		22AEF7BC0D0EDCD200F7762D /* MaxAudioAPI.framework */ = {isa = PBXFileReference; lastKnownFileType = wrapper.framework; name = MaxAudioAPI.framework; path = /Library/Frameworks/MaxAudioAPI.framework; sourceTree = "<absolute>"; };
		22AEF8EE0D0EFB0B00F7762D /* scheduler.cpp */ = {isa = PBXFileReference; fileEncoding = 4; lastKnownFileType = sourcecode.cpp.cpp; path = scheduler.cpp; sourceTree = "<group>"; };
		22AEF8EF0D0EFB0B00F7762D /* scheduler.h */ = {isa = PBXFileReference; fileEncoding = 4; lastKnownFileType = sourcecode.c.h; path = scheduler.h; sourceTree = "<group>"; };
		22D76DEE0BFBF2040090548D /* ramplib.h */ = {isa = PBXFileReference; fileEncoding = 30; lastKnownFileType = sourcecode.c.h; name = ramplib.h; path = ../../ramplib_api/ramplib.h; sourceTree = SOURCE_ROOT; };
		22D76E840BFBFC730090548D /* Info.plist */ = {isa = PBXFileReference; fileEncoding = 30; lastKnownFileType = text.xml; name = Info.plist; path = ../../common/Info.plist; sourceTree = SOURCE_ROOT; };
		22D76E860BFBFC840090548D /* ramplib_prefix.pch */ = {isa = PBXFileReference; fileEncoding = 30; lastKnownFileType = sourcecode.c.h; name = ramplib_prefix.pch; path = ../../common/ramplib_prefix.pch; sourceTree = SOURCE_ROOT; };
		8D5B49B6048680CD000E48DA /* scheduler.rampunit */ = {isa = PBXFileReference; explicitFileType = wrapper.cfbundle; includeInIndex = 0; path = scheduler.rampunit; sourceTree = BUILT_PRODUCTS_DIR; };
/* End PBXFileReference section */

/* Begin PBXFrameworksBuildPhase section */
		8D5B49B3048680CD000E48DA /* Frameworks */ = {
			isa = PBXFrameworksBuildPhase;
			buildActionMask = 2147483647;
			files = (
				221425F50BCD10C30030C642 /* MaxAPI.framework in Frameworks */,
				22AEF7780D0EDCC300F7762D /* Jamoma.framework in Frameworks */,
				22AEF7BD0D0EDCD200F7762D /* MaxAudioAPI.framework in Frameworks */,
			);
			runOnlyForDeploymentPostprocessing = 0;
		};
/* End PBXFrameworksBuildPhase section */

/* Begin PBXGroup section */
		089C166AFE841209C02AAC07 /* LinearSched */ = {
			isa = PBXGroup;
			children = (
				08FB77AFFE84173DC02AAC07 /* Sources */,
				22D76DED0BFBF1CE0090548D /* RampLib Stuff */,
				089C1671FE841209C02AAC07 /* Frameworks and Libraries */,
				19C28FB8FE9D52D311CA2CBB /* Products */,
			);
			name = LinearSched;
			sourceTree = "<group>";
		};
		089C1671FE841209C02AAC07 /* Frameworks and Libraries */ = {
			isa = PBXGroup;
			children = (
				22AEF7770D0EDCC300F7762D /* Jamoma.framework */,
				221425F40BCD10C30030C642 /* MaxAPI.framework */,
				22AEF7BC0D0EDCD200F7762D /* MaxAudioAPI.framework */,
			);
			name = "Frameworks and Libraries";
			sourceTree = "<group>";
		};
		08FB77AFFE84173DC02AAC07 /* Sources */ = {
			isa = PBXGroup;
			children = (
				22AEF8EE0D0EFB0B00F7762D /* scheduler.cpp */,
				22AEF8EF0D0EFB0B00F7762D /* scheduler.h */,
			);
			name = Sources;
			sourceTree = "<group>";
		};
		19C28FB8FE9D52D311CA2CBB /* Products */ = {
			isa = PBXGroup;
			children = (
				8D5B49B6048680CD000E48DA /* scheduler.rampunit */,
			);
			name = Products;
			sourceTree = "<group>";
		};
		22D76DED0BFBF1CE0090548D /* RampLib Stuff */ = {
			isa = PBXGroup;
			children = (
				22D76DEE0BFBF2040090548D /* ramplib.h */,
				22D76E860BFBFC840090548D /* ramplib_prefix.pch */,
				22D76E840BFBFC730090548D /* Info.plist */,
			);
			name = "RampLib Stuff";
			sourceTree = "<group>";
		};
/* End PBXGroup section */

/* Begin PBXNativeTarget section */
		8D5B49AC048680CD000E48DA /* scheduler */ = {
			isa = PBXNativeTarget;
			buildConfigurationList = 1DEB913A08733D840010E9CD /* Build configuration list for PBXNativeTarget "scheduler" */;
			buildPhases = (
				8D5B49AF048680CD000E48DA /* Resources */,
				8D5B49B1048680CD000E48DA /* Sources */,
				8D5B49B3048680CD000E48DA /* Frameworks */,
				22D770080BFC09F50090548D /* ShellScript */,
			);
			buildRules = (
			);
			dependencies = (
			);
			name = scheduler;
			productInstallPath = "$(HOME)/Library/Bundles";
			productName = LinearSched;
			productReference = 8D5B49B6048680CD000E48DA /* scheduler.rampunit */;
			productType = "com.apple.product-type.bundle";
		};
/* End PBXNativeTarget section */

/* Begin PBXProject section */
		089C1669FE841209C02AAC07 /* Project object */ = {
			isa = PBXProject;
			buildConfigurationList = 1DEB913E08733D840010E9CD /* Build configuration list for PBXProject "scheduler" */;
			compatibilityVersion = "Xcode 2.4";
			hasScannedForEncodings = 1;
			mainGroup = 089C166AFE841209C02AAC07 /* LinearSched */;
			projectDirPath = "";
			projectRoot = "";
			targets = (
				8D5B49AC048680CD000E48DA /* scheduler */,
			);
		};
/* End PBXProject section */

/* Begin PBXResourcesBuildPhase section */
		8D5B49AF048680CD000E48DA /* Resources */ = {
			isa = PBXResourcesBuildPhase;
			buildActionMask = 2147483647;
			files = (
				22D76E850BFBFC730090548D /* Info.plist in Resources */,
			);
			runOnlyForDeploymentPostprocessing = 0;
		};
/* End PBXResourcesBuildPhase section */

/* Begin PBXShellScriptBuildPhase section */
		22D770080BFC09F50090548D /* ShellScript */ = {
			isa = PBXShellScriptBuildPhase;
			buildActionMask = 2147483647;
			files = (
			);
			inputPaths = (
			);
			outputPaths = (
			);
			runOnlyForDeploymentPostprocessing = 0;
			shellPath = /bin/sh;
			shellScript = "perl /Library/Frameworks/Jamoma.framework/Headers/infoplist_versionmaker.pl";
		};
/* End PBXShellScriptBuildPhase section */

/* Begin PBXSourcesBuildPhase section */
		8D5B49B1048680CD000E48DA /* Sources */ = {
			isa = PBXSourcesBuildPhase;
			buildActionMask = 2147483647;
			files = (
				22AEF8F00D0EFB0B00F7762D /* scheduler.cpp in Sources */,
			);
			runOnlyForDeploymentPostprocessing = 0;
		};
/* End PBXSourcesBuildPhase section */

/* Begin XCBuildConfiguration section */
		1DEB913B08733D840010E9CD /* Development */ = {
			isa = XCBuildConfiguration;
			buildSettings = {
				CONFIGURATION_BUILD_DIR = "$(BUILD_DIR)/../../../../../Jamoma/library/externals/ramplib_mac";
				COPY_PHASE_STRIP = NO;
				GCC_DYNAMIC_NO_PIC = NO;
				GCC_ENABLE_FIX_AND_CONTINUE = YES;
				GCC_MODEL_TUNING = G5;
				GCC_OPTIMIZATION_LEVEL = 0;
				GCC_PRECOMPILE_PREFIX_HEADER = YES;
				GCC_PREFIX_HEADER = ../../common/ramplib_prefix.pch;
				GENERATE_PKGINFO_FILE = YES;
				INFOPLIST_FILE = ../../common/Info.plist;
				INSTALL_PATH = "$(HOME)/Library/Bundles";
				PRODUCT_NAME = scheduler;
				USER_HEADER_SEARCH_PATHS = "/Library/Frameworks/MaxAPI.framework/headers /Library/Frameworks/MaxAudioAPI.framework/headers /Library/Frameworks/Jamoma.framework/headers";
				WRAPPER_EXTENSION = rampunit;
				ZERO_LINK = YES;
			};
			name = Development;
		};
		1DEB913C08733D840010E9CD /* Deployment */ = {
			isa = XCBuildConfiguration;
			buildSettings = {
				ARCHS = (
					ppc,
					i386,
				);
				CONFIGURATION_BUILD_DIR = "$(BUILD_DIR)/../../../../../Jamoma/library/externals/ramplib_mac";
				GCC_GENERATE_DEBUGGING_SYMBOLS = NO;
				GCC_MODEL_TUNING = G5;
				GCC_PRECOMPILE_PREFIX_HEADER = YES;
				GCC_PREFIX_HEADER = ../../common/ramplib_prefix.pch;
				GENERATE_PKGINFO_FILE = YES;
				INFOPLIST_FILE = ../../common/Info.plist;
				INSTALL_PATH = "$(HOME)/Library/Bundles";
				PRODUCT_NAME = scheduler;
				USER_HEADER_SEARCH_PATHS = "/Library/Frameworks/MaxAPI.framework/headers /Library/Frameworks/MaxAudioAPI.framework/headers /Library/Frameworks/Jamoma.framework/headers";
				WRAPPER_EXTENSION = rampunit;
			};
			name = Deployment;
		};
		1DEB913F08733D840010E9CD /* Development */ = {
			isa = XCBuildConfiguration;
			buildSettings = {
				GCC_WARN_ABOUT_RETURN_TYPE = YES;
				GCC_WARN_UNUSED_VARIABLE = YES;
				PREBINDING = NO;
				SDKROOT = /Developer/SDKs/MacOSX10.4u.sdk;
			};
			name = Development;
		};
		1DEB914008733D840010E9CD /* Deployment */ = {
			isa = XCBuildConfiguration;
			buildSettings = {
				GCC_WARN_ABOUT_RETURN_TYPE = YES;
				GCC_WARN_UNUSED_VARIABLE = YES;
				PREBINDING = NO;
				SDKROOT = /Developer/SDKs/MacOSX10.4u.sdk;
			};
			name = Deployment;
		};
/* End XCBuildConfiguration section */

/* Begin XCConfigurationList section */
		1DEB913A08733D840010E9CD /* Build configuration list for PBXNativeTarget "scheduler" */ = {
			isa = XCConfigurationList;
			buildConfigurations = (
				1DEB913B08733D840010E9CD /* Development */,
				1DEB913C08733D840010E9CD /* Deployment */,
			);
			defaultConfigurationIsVisible = 0;
			defaultConfigurationName = Deployment;
		};
		1DEB913E08733D840010E9CD /* Build configuration list for PBXProject "scheduler" */ = {
			isa = XCConfigurationList;
			buildConfigurations = (
				1DEB913F08733D840010E9CD /* Development */,
				1DEB914008733D840010E9CD /* Deployment */,
			);
			defaultConfigurationIsVisible = 0;
			defaultConfigurationName = Deployment;
		};
/* End XCConfigurationList section */
	};
	rootObject = 089C1669FE841209C02AAC07 /* Project object */;
}
