// !$*UTF8*$!
{
	archiveVersion = 1;
	classes = {
	};
	objectVersion = 46;
	objects = {

/* Begin PBXFileReference section */
		469192F916A89BE7000A75A5 /* TTNetReceive.h */ = {isa = PBXFileReference; lastKnownFileType = sourcecode.c.h; path = TTNetReceive.h; sourceTree = "<group>"; };
		469192FA16A89BE7000A75A5 /* TTNetSend.h */ = {isa = PBXFileReference; lastKnownFileType = sourcecode.c.h; path = TTNetSend.h; sourceTree = "<group>"; };
		469192FB16A89BE7000A75A5 /* TTNetSocket.h */ = {isa = PBXFileReference; lastKnownFileType = sourcecode.c.h; path = TTNetSocket.h; sourceTree = "<group>"; };
		469192FC16A89BE7000A75A5 /* TTOscReceive.h */ = {isa = PBXFileReference; lastKnownFileType = sourcecode.c.h; path = TTOscReceive.h; sourceTree = "<group>"; };
		469192FD16A89BE7000A75A5 /* TTOscSend.h */ = {isa = PBXFileReference; lastKnownFileType = sourcecode.c.h; path = TTOscSend.h; sourceTree = "<group>"; };
		469192FE16A89BE7000A75A5 /* TTOscSocket.h */ = {isa = PBXFileReference; lastKnownFileType = sourcecode.c.h; path = TTOscSocket.h; sourceTree = "<group>"; };
		4691930116A89BEC000A75A5 /* TTNetReceive.cpp */ = {isa = PBXFileReference; lastKnownFileType = sourcecode.cpp.cpp; path = TTNetReceive.cpp; sourceTree = "<group>"; };
		4691930416A89BEC000A75A5 /* TTNetSend.cpp */ = {isa = PBXFileReference; lastKnownFileType = sourcecode.cpp.cpp; path = TTNetSend.cpp; sourceTree = "<group>"; };
		4691930716A89BEC000A75A5 /* TTNetSocket.cpp */ = {isa = PBXFileReference; lastKnownFileType = sourcecode.cpp.cpp; path = TTNetSocket.cpp; sourceTree = "<group>"; };
		4691930A16A89BEC000A75A5 /* TTOscReceive.cpp */ = {isa = PBXFileReference; lastKnownFileType = sourcecode.cpp.cpp; path = TTOscReceive.cpp; sourceTree = "<group>"; };
		4691930D16A89BEC000A75A5 /* TTOscSend.cpp */ = {isa = PBXFileReference; lastKnownFileType = sourcecode.cpp.cpp; path = TTOscSend.cpp; sourceTree = "<group>"; };
		4691931016A89BEC000A75A5 /* TTOscSocket.cpp */ = {isa = PBXFileReference; lastKnownFileType = sourcecode.cpp.cpp; path = TTOscSocket.cpp; sourceTree = "<group>"; };
/* End PBXFileReference section */

/* Begin PBXGroup section */
		469192F816A89BE7000A75A5 /* includes */ = {
			isa = PBXGroup;
			children = (
				469192F916A89BE7000A75A5 /* TTNetReceive.h */,
				469192FA16A89BE7000A75A5 /* TTNetSend.h */,
				469192FB16A89BE7000A75A5 /* TTNetSocket.h */,
				469192FC16A89BE7000A75A5 /* TTOscReceive.h */,
				469192FD16A89BE7000A75A5 /* TTOscSend.h */,
				469192FE16A89BE7000A75A5 /* TTOscSocket.h */,
			);
			path = includes;
			sourceTree = "<group>";
		};
		4691930016A89BEC000A75A5 /* source */ = {
			isa = PBXGroup;
			children = (
				4691930116A89BEC000A75A5 /* TTNetReceive.cpp */,
				4691930416A89BEC000A75A5 /* TTNetSend.cpp */,
				4691930716A89BEC000A75A5 /* TTNetSocket.cpp */,
				4691930A16A89BEC000A75A5 /* TTOscReceive.cpp */,
				4691930D16A89BEC000A75A5 /* TTOscSend.cpp */,
				4691931016A89BEC000A75A5 /* TTOscSocket.cpp */,
			);
			path = source;
			sourceTree = SOURCE_ROOT;
		};
		A74952881523484300798834 = {
			isa = PBXGroup;
			children = (
				469192F816A89BE7000A75A5 /* includes */,
				4691930016A89BEC000A75A5 /* source */,
			);
			sourceTree = "<group>";
		};
/* End PBXGroup section */

/* Begin PBXLegacyTarget section */
		A749528F1523484400798834 /* NetworkLib */ = {
			isa = PBXLegacyTarget;
			buildArgumentsString = "$(ACTION) $(CONFIGURATION)";
			buildConfigurationList = A74952921523484400798834 /* Build configuration list for PBXLegacyTarget "NetworkLib" */;
			buildPhases = (
			);
			buildToolPath = /usr/bin/make;
			buildWorkingDirectory = "";
			dependencies = (
			);
			name = NetworkLib;
			passBuildSettingsInEnvironment = 1;
			productName = NetworkLib;
		};
/* End PBXLegacyTarget section */

/* Begin PBXProject section */
		A749528A1523484300798834 /* Project object */ = {
			isa = PBXProject;
			attributes = {
				LastUpgradeCheck = 0460;
				ORGANIZATIONNAME = "BEK - Bergen senter for elektronisk kunst";
			};
			buildConfigurationList = A749528D1523484300798834 /* Build configuration list for PBXProject "NetworkLib" */;
			compatibilityVersion = "Xcode 3.2";
			developmentRegion = English;
			hasScannedForEncodings = 0;
			knownRegions = (
				en,
			);
			mainGroup = A74952881523484300798834;
			projectDirPath = "";
			projectRoot = "";
			targets = (
				A749528F1523484400798834 /* NetworkLib */,
			);
		};
/* End PBXProject section */

/* Begin XCBuildConfiguration section */
		A74952901523484400798834 /* Debug */ = {
			isa = XCBuildConfiguration;
			buildSettings = {
				ALWAYS_SEARCH_USER_PATHS = NO;
				ARCHS = "$(ARCHS_STANDARD_64_BIT)";
				CLANG_ENABLE_OBJC_ARC = YES;
				CLANG_WARN_CONSTANT_CONVERSION = YES;
				CLANG_WARN_ENUM_CONVERSION = YES;
				CLANG_WARN_INT_CONVERSION = YES;
				CLANG_WARN__DUPLICATE_METHOD_MATCH = YES;
				COPY_PHASE_STRIP = NO;
				GCC_C_LANGUAGE_STANDARD = gnu99;
				GCC_DYNAMIC_NO_PIC = NO;
				GCC_ENABLE_OBJC_EXCEPTIONS = YES;
				GCC_OPTIMIZATION_LEVEL = 0;
				GCC_PREPROCESSOR_DEFINITIONS = (
					"DEBUG=1",
					"$(inherited)",
				);
				GCC_SYMBOLS_PRIVATE_EXTERN = NO;
				GCC_VERSION = com.apple.compilers.llvm.clang.1_0;
				GCC_WARN_64_TO_32_BIT_CONVERSION = YES;
				GCC_WARN_ABOUT_MISSING_PROTOTYPES = YES;
				GCC_WARN_ABOUT_RETURN_TYPE = YES;
				GCC_WARN_UNINITIALIZED_AUTOS = YES;
				GCC_WARN_UNUSED_VARIABLE = YES;
				MACOSX_DEPLOYMENT_TARGET = 10.7;
				ONLY_ACTIVE_ARCH = YES;
				SDKROOT = macosx;
			};
			name = Debug;
		};
		A74952911523484400798834 /* Release */ = {
			isa = XCBuildConfiguration;
			buildSettings = {
				ALWAYS_SEARCH_USER_PATHS = NO;
				ARCHS = "$(ARCHS_STANDARD_64_BIT)";
				CLANG_ENABLE_OBJC_ARC = YES;
				CLANG_WARN_CONSTANT_CONVERSION = YES;
				CLANG_WARN_ENUM_CONVERSION = YES;
				CLANG_WARN_INT_CONVERSION = YES;
				CLANG_WARN__DUPLICATE_METHOD_MATCH = YES;
				COPY_PHASE_STRIP = YES;
				DEBUG_INFORMATION_FORMAT = "dwarf-with-dsym";
				GCC_C_LANGUAGE_STANDARD = gnu99;
				GCC_ENABLE_OBJC_EXCEPTIONS = YES;
				GCC_VERSION = com.apple.compilers.llvm.clang.1_0;
				GCC_WARN_64_TO_32_BIT_CONVERSION = YES;
				GCC_WARN_ABOUT_MISSING_PROTOTYPES = YES;
				GCC_WARN_ABOUT_RETURN_TYPE = YES;
				GCC_WARN_UNINITIALIZED_AUTOS = YES;
				GCC_WARN_UNUSED_VARIABLE = YES;
				MACOSX_DEPLOYMENT_TARGET = 10.7;
				SDKROOT = macosx;
			};
			name = Release;
		};
		A74952931523484400798834 /* Debug */ = {
			isa = XCBuildConfiguration;
			buildSettings = {
				COMBINE_HIDPI_IMAGES = YES;
				DEBUGGING_SYMBOLS = YES;
				GCC_GENERATE_DEBUGGING_SYMBOLS = YES;
				GCC_OPTIMIZATION_LEVEL = 0;
				OTHER_CFLAGS = "";
				OTHER_LDFLAGS = "";
				PRODUCT_NAME = "$(TARGET_NAME)";
			};
			name = Debug;
		};
		A74952941523484400798834 /* Release */ = {
			isa = XCBuildConfiguration;
			buildSettings = {
				COMBINE_HIDPI_IMAGES = YES;
				OTHER_CFLAGS = "";
				OTHER_LDFLAGS = "";
				PRODUCT_NAME = "$(TARGET_NAME)";
			};
			name = Release;
		};
/* End XCBuildConfiguration section */

/* Begin XCConfigurationList section */
		A749528D1523484300798834 /* Build configuration list for PBXProject "NetworkLib" */ = {
			isa = XCConfigurationList;
			buildConfigurations = (
				A74952901523484400798834 /* Debug */,
				A74952911523484400798834 /* Release */,
			);
			defaultConfigurationIsVisible = 0;
			defaultConfigurationName = Release;
		};
		A74952921523484400798834 /* Build configuration list for PBXLegacyTarget "NetworkLib" */ = {
			isa = XCConfigurationList;
			buildConfigurations = (
				A74952931523484400798834 /* Debug */,
				A74952941523484400798834 /* Release */,
			);
			defaultConfigurationIsVisible = 0;
			defaultConfigurationName = Release;
		};
/* End XCConfigurationList section */
	};
	rootObject = A749528A1523484300798834 /* Project object */;
}
