// !$*UTF8*$!
{
	archiveVersion = 1;
	classes = {
	};
	objectVersion = 45;
	objects = {

/* Begin PBXBuildFile section */
		2215D46A132BFFFE007CB484 /* TTMatrixGain.cpp in Sources */ = {isa = PBXBuildFile; fileRef = 2215D468132BFFFE007CB484 /* TTMatrixGain.cpp */; };
		2215D46B132BFFFE007CB484 /* TTMatrixGain.h in Headers */ = {isa = PBXBuildFile; fileRef = 2215D469132BFFFE007CB484 /* TTMatrixGain.h */; };
		2215D482132C0B37007CB484 /* TTMatrixGain.test.cpp in Sources */ = {isa = PBXBuildFile; fileRef = 2215D481132C0B37007CB484 /* TTMatrixGain.test.cpp */; };
		2215D484132C0B3D007CB484 /* TTMatrixStencil.test.cpp in Sources */ = {isa = PBXBuildFile; fileRef = 2215D483132C0B3D007CB484 /* TTMatrixStencil.test.cpp */; };
		22D8C48C13134EBE008F80C7 /* TTMatrixStencil.cpp in Sources */ = {isa = PBXBuildFile; fileRef = 22D8C48A13134EBE008F80C7 /* TTMatrixStencil.cpp */; };
		22D8C48D13134EBE008F80C7 /* TTMatrixStencil.h in Headers */ = {isa = PBXBuildFile; fileRef = 22D8C48B13134EBE008F80C7 /* TTMatrixStencil.h */; };
		22FA623311E21BE60097F43B /* JamomaFoundation.dylib in Frameworks */ = {isa = PBXBuildFile; fileRef = 22FA623211E21BE60097F43B /* JamomaFoundation.dylib */; };
		22FD47EF11E24A57007BBF7E /* TTMatrixProcessingLib.h in Headers */ = {isa = PBXBuildFile; fileRef = 22FD47ED11E24A57007BBF7E /* TTMatrixProcessingLib.h */; };
		22FD47F011E24A57007BBF7E /* TTMatrixProcessingLib.cpp in Sources */ = {isa = PBXBuildFile; fileRef = 22FD47EE11E24A57007BBF7E /* TTMatrixProcessingLib.cpp */; };
		D2AAC0B105546B7500DB518D /* Carbon.framework in Frameworks */ = {isa = PBXBuildFile; fileRef = 08FB77AAFE841565C02AAC07 /* Carbon.framework */; };
/* End PBXBuildFile section */

/* Begin PBXFileReference section */
		08FB77AAFE841565C02AAC07 /* Carbon.framework */ = {isa = PBXFileReference; lastKnownFileType = wrapper.framework; name = Carbon.framework; path = /System/Library/Frameworks/Carbon.framework; sourceTree = "<absolute>"; };
		2215D468132BFFFE007CB484 /* TTMatrixGain.cpp */ = {isa = PBXFileReference; fileEncoding = 4; lastKnownFileType = sourcecode.cpp.cpp; path = TTMatrixGain.cpp; sourceTree = "<group>"; };
		2215D469132BFFFE007CB484 /* TTMatrixGain.h */ = {isa = PBXFileReference; fileEncoding = 4; lastKnownFileType = sourcecode.c.h; path = TTMatrixGain.h; sourceTree = "<group>"; };
		2215D481132C0B37007CB484 /* TTMatrixGain.test.cpp */ = {isa = PBXFileReference; fileEncoding = 4; lastKnownFileType = sourcecode.cpp.cpp; path = TTMatrixGain.test.cpp; sourceTree = "<group>"; };
		2215D483132C0B3D007CB484 /* TTMatrixStencil.test.cpp */ = {isa = PBXFileReference; fileEncoding = 4; lastKnownFileType = sourcecode.cpp.cpp; path = TTMatrixStencil.test.cpp; sourceTree = "<group>"; };
		22D8C48A13134EBE008F80C7 /* TTMatrixStencil.cpp */ = {isa = PBXFileReference; fileEncoding = 4; lastKnownFileType = sourcecode.cpp.cpp; path = TTMatrixStencil.cpp; sourceTree = "<group>"; };
		22D8C48B13134EBE008F80C7 /* TTMatrixStencil.h */ = {isa = PBXFileReference; fileEncoding = 4; lastKnownFileType = sourcecode.c.h; path = TTMatrixStencil.h; sourceTree = "<group>"; };
		22FA623211E21BE60097F43B /* JamomaFoundation.dylib */ = {isa = PBXFileReference; lastKnownFileType = "compiled.mach-o.dylib"; name = JamomaFoundation.dylib; path = ../../../Foundation/library/build/UninstalledProducts/JamomaFoundation.dylib; sourceTree = SOURCE_ROOT; };
		22FD47EC11E24A37007BBF7E /* JamomaFoundationExtensions.xcconfig */ = {isa = PBXFileReference; fileEncoding = 4; lastKnownFileType = text.xcconfig; name = JamomaFoundationExtensions.xcconfig; path = ../JamomaFoundationExtensions.xcconfig; sourceTree = SOURCE_ROOT; };
		22FD47ED11E24A57007BBF7E /* TTMatrixProcessingLib.h */ = {isa = PBXFileReference; fileEncoding = 4; lastKnownFileType = sourcecode.c.h; path = TTMatrixProcessingLib.h; sourceTree = "<group>"; };
		22FD47EE11E24A57007BBF7E /* TTMatrixProcessingLib.cpp */ = {isa = PBXFileReference; fileEncoding = 4; lastKnownFileType = sourcecode.cpp.cpp; path = TTMatrixProcessingLib.cpp; sourceTree = "<group>"; };
		D2AAC09D05546B4700DB518D /* MatrixProcessingLib.ttdylib */ = {isa = PBXFileReference; explicitFileType = "compiled.mach-o.dylib"; includeInIndex = 0; path = MatrixProcessingLib.ttdylib; sourceTree = BUILT_PRODUCTS_DIR; };
/* End PBXFileReference section */

/* Begin PBXFrameworksBuildPhase section */
		D2AAC09B05546B4700DB518D /* Frameworks */ = {
			isa = PBXFrameworksBuildPhase;
			buildActionMask = 2147483647;
			files = (
				D2AAC0B105546B7500DB518D /* Carbon.framework in Frameworks */,
				22FA623311E21BE60097F43B /* JamomaFoundation.dylib in Frameworks */,
			);
			runOnlyForDeploymentPostprocessing = 0;
		};
/* End PBXFrameworksBuildPhase section */

/* Begin PBXGroup section */
		034768DDFF38A45A11DB9C8B /* Products */ = {
			isa = PBXGroup;
			children = (
				D2AAC09D05546B4700DB518D /* MatrixProcessingLib.ttdylib */,
			);
			name = Products;
			sourceTree = "<group>";
		};
		0867D691FE84028FC02AAC07 /* TTFunctionLib */ = {
			isa = PBXGroup;
			children = (
				22FD47EC11E24A37007BBF7E /* JamomaFoundationExtensions.xcconfig */,
				08FB77ACFE841707C02AAC07 /* Source */,
				0867D69AFE84028FC02AAC07 /* External Frameworks and Libraries */,
				034768DDFF38A45A11DB9C8B /* Products */,
			);
			name = TTFunctionLib;
			sourceTree = "<group>";
		};
		0867D69AFE84028FC02AAC07 /* External Frameworks and Libraries */ = {
			isa = PBXGroup;
			children = (
				22FA623211E21BE60097F43B /* JamomaFoundation.dylib */,
				08FB77AAFE841565C02AAC07 /* Carbon.framework */,
			);
			name = "External Frameworks and Libraries";
			sourceTree = "<group>";
		};
		08FB77ACFE841707C02AAC07 /* Source */ = {
			isa = PBXGroup;
			children = (
				22FD47ED11E24A57007BBF7E /* TTMatrixProcessingLib.h */,
				22FD47EE11E24A57007BBF7E /* TTMatrixProcessingLib.cpp */,
				2217FAAA0E4F284D00806778 /* Classes */,
			);
			name = Source;
			sourceTree = "<group>";
		};
		2217FAAA0E4F284D00806778 /* Classes */ = {
			isa = PBXGroup;
			children = (
				2215D469132BFFFE007CB484 /* TTMatrixGain.h */,
				2215D468132BFFFE007CB484 /* TTMatrixGain.cpp */,
				2215D481132C0B37007CB484 /* TTMatrixGain.test.cpp */,
				22D8C48B13134EBE008F80C7 /* TTMatrixStencil.h */,
				22D8C48A13134EBE008F80C7 /* TTMatrixStencil.cpp */,
				2215D483132C0B3D007CB484 /* TTMatrixStencil.test.cpp */,
			);
			name = Classes;
			sourceTree = "<group>";
		};
/* End PBXGroup section */

/* Begin PBXHeadersBuildPhase section */
		D2AAC09905546B4700DB518D /* Headers */ = {
			isa = PBXHeadersBuildPhase;
			buildActionMask = 2147483647;
			files = (
				22FD47EF11E24A57007BBF7E /* TTMatrixProcessingLib.h in Headers */,
				22D8C48D13134EBE008F80C7 /* TTMatrixStencil.h in Headers */,
				2215D46B132BFFFE007CB484 /* TTMatrixGain.h in Headers */,
			);
			runOnlyForDeploymentPostprocessing = 0;
		};
/* End PBXHeadersBuildPhase section */

/* Begin PBXNativeTarget section */
		D2AAC09C05546B4700DB518D /* JamomaExtension */ = {
			isa = PBXNativeTarget;
			buildConfigurationList = 1DEB916008733D950010E9CD /* Build configuration list for PBXNativeTarget "JamomaExtension" */;
			buildPhases = (
				D2AAC09905546B4700DB518D /* Headers */,
				D2AAC09B05546B4700DB518D /* Frameworks */,
				D2AAC09A05546B4700DB518D /* Sources */,
				2217F9FF0E4E194400806778 /* ShellScript */,
			);
			buildRules = (
			);
			dependencies = (
			);
			name = JamomaExtension;
			productName = TTFunctionLib;
			productReference = D2AAC09D05546B4700DB518D /* MatrixProcessingLib.ttdylib */;
			productType = "com.apple.product-type.library.dynamic";
		};
/* End PBXNativeTarget section */

/* Begin PBXProject section */
		0867D690FE84028FC02AAC07 /* Project object */ = {
			isa = PBXProject;
			buildConfigurationList = 1DEB916408733D950010E9CD /* Build configuration list for PBXProject "MatrixProcessingLib" */;
			compatibilityVersion = "Xcode 3.1";
			developmentRegion = English;
			hasScannedForEncodings = 1;
			knownRegions = (
				English,
				Japanese,
				French,
				German,
			);
			mainGroup = 0867D691FE84028FC02AAC07 /* TTFunctionLib */;
			productRefGroup = 034768DDFF38A45A11DB9C8B /* Products */;
			projectDirPath = "";
			projectRoot = "";
			targets = (
				D2AAC09C05546B4700DB518D /* JamomaExtension */,
			);
		};
/* End PBXProject section */

/* Begin PBXShellScriptBuildPhase section */
		2217F9FF0E4E194400806778 /* ShellScript */ = {
			isa = PBXShellScriptBuildPhase;
			buildActionMask = 2147483647;
			files = (
			);
			inputPaths = (
			);
			outputPaths = (
			);
			runOnlyForDeploymentPostprocessing = 0;
			shellPath = /bin/sh;
			shellScript = "/bin/mkdir -p -m 775 \"/Library/Application Support/Jamoma/Extensions\"\n/bin/cp -R \"$TARGET_BUILD_DIR/$PRODUCT_NAME.$EXECUTABLE_EXTENSION\" \"/Library/Application Support/Jamoma/Extensions\"\n";
		};
/* End PBXShellScriptBuildPhase section */

/* Begin PBXSourcesBuildPhase section */
		D2AAC09A05546B4700DB518D /* Sources */ = {
			isa = PBXSourcesBuildPhase;
			buildActionMask = 2147483647;
			files = (
				22FD47F011E24A57007BBF7E /* TTMatrixProcessingLib.cpp in Sources */,
				22D8C48C13134EBE008F80C7 /* TTMatrixStencil.cpp in Sources */,
				2215D46A132BFFFE007CB484 /* TTMatrixGain.cpp in Sources */,
				2215D482132C0B37007CB484 /* TTMatrixGain.test.cpp in Sources */,
				2215D484132C0B3D007CB484 /* TTMatrixStencil.test.cpp in Sources */,
			);
			runOnlyForDeploymentPostprocessing = 0;
		};
/* End PBXSourcesBuildPhase section */

/* Begin XCBuildConfiguration section */
		1DEB916108733D950010E9CD /* Development */ = {
			isa = XCBuildConfiguration;
			baseConfigurationReference = 22FD47EC11E24A37007BBF7E /* JamomaFoundationExtensions.xcconfig */;
			buildSettings = {
				ALWAYS_SEARCH_USER_PATHS = NO;
				ARCHS = (
					x86_64,
					i386,
				);
				COPY_PHASE_STRIP = NO;
				GCC_DYNAMIC_NO_PIC = NO;
				GCC_ENABLE_FIX_AND_CONTINUE = YES;
				GCC_OPTIMIZATION_LEVEL = 0;
				ONLY_ACTIVE_ARCH = NO;
				OTHER_CPLUSPLUSFLAGS = (
					"$(OTHER_CFLAGS)",
					"-Wno-deprecated",
				);
			};
			name = Development;
		};
		1DEB916208733D950010E9CD /* Deployment */ = {
			isa = XCBuildConfiguration;
			baseConfigurationReference = 22FD47EC11E24A37007BBF7E /* JamomaFoundationExtensions.xcconfig */;
			buildSettings = {
				ALWAYS_SEARCH_USER_PATHS = NO;
				ARCHS = (
					x86_64,
					i386,
				);
				DEBUG_INFORMATION_FORMAT = "dwarf-with-dsym";
				GCC_OPTIMIZATION_LEVEL = 3;
				OTHER_CPLUSPLUSFLAGS = (
					"$(OTHER_CFLAGS)",
					"-Wno-deprecated",
				);
			};
			name = Deployment;
		};
		1DEB916508733D950010E9CD /* Development */ = {
			isa = XCBuildConfiguration;
			buildSettings = {
				ARCHS = "$(ARCHS_STANDARD_32_BIT)";
				GCC_C_LANGUAGE_STANDARD = c99;
				GCC_OPTIMIZATION_LEVEL = 0;
				GCC_WARN_ABOUT_RETURN_TYPE = YES;
				GCC_WARN_UNUSED_VARIABLE = YES;
				ONLY_ACTIVE_ARCH = YES;
				PREBINDING = NO;
				SDKROOT = macosx10.5;
			};
			name = Development;
		};
		1DEB916608733D950010E9CD /* Deployment */ = {
			isa = XCBuildConfiguration;
			buildSettings = {
				ARCHS = "$(ARCHS_STANDARD_32_BIT)";
				GCC_C_LANGUAGE_STANDARD = c99;
				GCC_WARN_ABOUT_RETURN_TYPE = YES;
				GCC_WARN_UNUSED_VARIABLE = YES;
				PREBINDING = NO;
				SDKROOT = macosx10.5;
			};
			name = Deployment;
		};
/* End XCBuildConfiguration section */

/* Begin XCConfigurationList section */
		1DEB916008733D950010E9CD /* Build configuration list for PBXNativeTarget "JamomaExtension" */ = {
			isa = XCConfigurationList;
			buildConfigurations = (
				1DEB916108733D950010E9CD /* Development */,
				1DEB916208733D950010E9CD /* Deployment */,
			);
			defaultConfigurationIsVisible = 0;
			defaultConfigurationName = Deployment;
		};
		1DEB916408733D950010E9CD /* Build configuration list for PBXProject "MatrixProcessingLib" */ = {
			isa = XCConfigurationList;
			buildConfigurations = (
				1DEB916508733D950010E9CD /* Development */,
				1DEB916608733D950010E9CD /* Deployment */,
			);
			defaultConfigurationIsVisible = 0;
			defaultConfigurationName = Deployment;
		};
/* End XCConfigurationList section */
	};
	rootObject = 0867D690FE84028FC02AAC07 /* Project object */;
}
