// !$*UTF8*$!
{
	archiveVersion = 1;
	classes = {
	};
	objectVersion = 46;
	objects = {

/* Begin PBXFileReference section */
		461B799A1A2E33EB0091FD86 /* Makefile */ = {isa = PBXFileReference; lastKnownFileType = sourcecode.make; path = Makefile; sourceTree = "<group>"; };
		468C97D017A2B2CD0032447A /* Scenario.h */ = {isa = PBXFileReference; lastKnownFileType = sourcecode.c.h; path = Scenario.h; sourceTree = "<group>"; };
		468C985B17A2B2D60032447A /* Scenario.cpp */ = {isa = PBXFileReference; lastKnownFileType = sourcecode.cpp.cpp; path = Scenario.cpp; sourceTree = "<group>"; };
		468C986217A2B2E60032447A /* Scenario.yml */ = {isa = PBXFileReference; lastKnownFileType = text; path = Scenario.yml; sourceTree = "<group>"; };
		46A5878619FEE14D000E15F2 /* TimePluginLib.h */ = {isa = PBXFileReference; lastKnownFileType = sourcecode.c.h; name = TimePluginLib.h; path = ../TimePluginLib.h; sourceTree = "<group>"; };
		46A5878719FEE155000E15F2 /* TimePluginLib.cpp */ = {isa = PBXFileReference; lastKnownFileType = sourcecode.cpp.cpp; name = TimePluginLib.cpp; path = ../TimePluginLib.cpp; sourceTree = "<group>"; };
/* End PBXFileReference section */

/* Begin PBXGroup section */
		468C97C417A2B2A30032447A = {
			isa = PBXGroup;
			children = (
				468C986217A2B2E60032447A /* Scenario.yml */,
				461B799A1A2E33EB0091FD86 /* Makefile */,
				46A5878619FEE14D000E15F2 /* TimePluginLib.h */,
				46A5878719FEE155000E15F2 /* TimePluginLib.cpp */,
				468C97CF17A2B2CD0032447A /* includes */,
				468C97D317A2B2D50032447A /* source */,
			);
			sourceTree = "<group>";
		};
		468C97CF17A2B2CD0032447A /* includes */ = {
			isa = PBXGroup;
			children = (
				468C97D017A2B2CD0032447A /* Scenario.h */,
			);
			path = includes;
			sourceTree = "<group>";
		};
		468C97D317A2B2D50032447A /* source */ = {
			isa = PBXGroup;
			children = (
				468C985B17A2B2D60032447A /* Scenario.cpp */,
			);
			path = source;
			sourceTree = SOURCE_ROOT;
		};
/* End PBXGroup section */

/* Begin PBXLegacyTarget section */
		468C97C917A2B2A30032447A /* Scenario */ = {
			isa = PBXLegacyTarget;
			buildArgumentsString = "$(ACTION) $(Configuration)";
			buildConfigurationList = 468C97CC17A2B2A30032447A /* Build configuration list for PBXLegacyTarget "Scenario" */;
			buildPhases = (
			);
			buildToolPath = /usr/bin/make;
			buildWorkingDirectory = "";
			dependencies = (
			);
			name = Scenario;
			passBuildSettingsInEnvironment = 0;
			productName = Scenario;
		};
/* End PBXLegacyTarget section */

/* Begin PBXProject section */
		468C97C517A2B2A30032447A /* Project object */ = {
			isa = PBXProject;
			attributes = {
				LastUpgradeCheck = 0460;
				ORGANIZATIONNAME = OSSIA;
			};
			buildConfigurationList = 468C97C817A2B2A30032447A /* Build configuration list for PBXProject "Scenario" */;
			compatibilityVersion = "Xcode 3.2";
			developmentRegion = English;
			hasScannedForEncodings = 0;
			knownRegions = (
				en,
			);
			mainGroup = 468C97C417A2B2A30032447A;
			projectDirPath = "";
			projectRoot = "";
			targets = (
				468C97C917A2B2A30032447A /* Scenario */,
			);
		};
/* End PBXProject section */

/* Begin XCBuildConfiguration section */
		468C97CA17A2B2A30032447A /* Debug */ = {
			isa = XCBuildConfiguration;
			buildSettings = {
				ALWAYS_SEARCH_USER_PATHS = NO;
				ARCHS = "$(ARCHS_STANDARD_64_BIT)";
				CLANG_CXX_LANGUAGE_STANDARD = "gnu++0x";
				CLANG_CXX_LIBRARY = "libc++";
				CLANG_WARN_CONSTANT_CONVERSION = YES;
				CLANG_WARN_EMPTY_BODY = YES;
				CLANG_WARN_ENUM_CONVERSION = YES;
				CLANG_WARN_INT_CONVERSION = YES;
				CLANG_WARN__DUPLICATE_METHOD_MATCH = YES;
				COPY_PHASE_STRIP = NO;
				GCC_C_LANGUAGE_STANDARD = gnu99;
				GCC_DYNAMIC_NO_PIC = NO;
				GCC_ENABLE_OBJC_EXCEPTIONS = YES;
				GCC_OPTIMIZATION_LEVEL = 0;
				GCC_PREPROCESSOR_DEFINITIONS = (
					"DEBUG=1",
					"$(inherited)",
				);
				GCC_SYMBOLS_PRIVATE_EXTERN = NO;
				GCC_WARN_64_TO_32_BIT_CONVERSION = YES;
				GCC_WARN_ABOUT_RETURN_TYPE = YES;
				GCC_WARN_UNINITIALIZED_AUTOS = YES;
				GCC_WARN_UNUSED_VARIABLE = YES;
				MACOSX_DEPLOYMENT_TARGET = 10.8;
				ONLY_ACTIVE_ARCH = YES;
				SDKROOT = macosx;
			};
			name = Debug;
		};
		468C97CB17A2B2A30032447A /* Release */ = {
			isa = XCBuildConfiguration;
			buildSettings = {
				ALWAYS_SEARCH_USER_PATHS = NO;
				ARCHS = "$(ARCHS_STANDARD_64_BIT)";
				CLANG_CXX_LANGUAGE_STANDARD = "gnu++0x";
				CLANG_CXX_LIBRARY = "libc++";
				CLANG_WARN_CONSTANT_CONVERSION = YES;
				CLANG_WARN_EMPTY_BODY = YES;
				CLANG_WARN_ENUM_CONVERSION = YES;
				CLANG_WARN_INT_CONVERSION = YES;
				CLANG_WARN__DUPLICATE_METHOD_MATCH = YES;
				COPY_PHASE_STRIP = YES;
				DEBUG_INFORMATION_FORMAT = "dwarf-with-dsym";
				GCC_C_LANGUAGE_STANDARD = gnu99;
				GCC_ENABLE_OBJC_EXCEPTIONS = YES;
				GCC_WARN_64_TO_32_BIT_CONVERSION = YES;
				GCC_WARN_ABOUT_RETURN_TYPE = YES;
				GCC_WARN_UNINITIALIZED_AUTOS = YES;
				GCC_WARN_UNUSED_VARIABLE = YES;
				MACOSX_DEPLOYMENT_TARGET = 10.8;
				SDKROOT = macosx;
			};
			name = Release;
		};
		468C97CD17A2B2A30032447A /* Debug */ = {
			isa = XCBuildConfiguration;
			buildSettings = {
				DEBUGGING_SYMBOLS = YES;
				GCC_GENERATE_DEBUGGING_SYMBOLS = YES;
				GCC_OPTIMIZATION_LEVEL = 0;
				OTHER_CFLAGS = "";
				OTHER_LDFLAGS = "";
				PRODUCT_NAME = "$(TARGET_NAME)";
			};
			name = Debug;
		};
		468C97CE17A2B2A30032447A /* Release */ = {
			isa = XCBuildConfiguration;
			buildSettings = {
				OTHER_CFLAGS = "";
				OTHER_LDFLAGS = "";
				PRODUCT_NAME = "$(TARGET_NAME)";
			};
			name = Release;
		};
/* End XCBuildConfiguration section */

/* Begin XCConfigurationList section */
		468C97C817A2B2A30032447A /* Build configuration list for PBXProject "Scenario" */ = {
			isa = XCConfigurationList;
			buildConfigurations = (
				468C97CA17A2B2A30032447A /* Debug */,
				468C97CB17A2B2A30032447A /* Release */,
			);
			defaultConfigurationIsVisible = 0;
			defaultConfigurationName = Release;
		};
		468C97CC17A2B2A30032447A /* Build configuration list for PBXLegacyTarget "Scenario" */ = {
			isa = XCConfigurationList;
			buildConfigurations = (
				468C97CD17A2B2A30032447A /* Debug */,
				468C97CE17A2B2A30032447A /* Release */,
			);
			defaultConfigurationIsVisible = 0;
			defaultConfigurationName = Release;
		};
/* End XCConfigurationList section */
	};
	rootObject = 468C97C517A2B2A30032447A /* Project object */;
}
