
Microsoft Visual Studio Solution File, Format Version 10.00
# Visual C++ Express 2008
Project("{8BC9CEB8-8B4A-11D0-8D11-00A0C91BC942}") = "tt.overdrive~", "tt.overdrive~.vcproj", "{BB6EBFD2-4246-4D15-B00F-2EE913B15472}"
EndProject
Global
	GlobalSection(SolutionConfigurationPlatforms) = preSolution
		Debug|Win32 = Debug|Win32
		MTd debug dll|Win32 = MTd debug dll|Win32
		Release Build|Win32 = Release Build|Win32
		release_build|Win32 = release_build|Win32
		Release|Win32 = Release|Win32
	EndGlobalSection
	GlobalSection(ProjectConfigurationPlatforms) = postSolution
		{BB6EBFD2-4246-4D15-B00F-2EE913B15472}.Debug|Win32.ActiveCfg = Debug|Win32
		{BB6EBFD2-4246-4D15-B00F-2EE913B15472}.Debug|Win32.Build.0 = Debug|Win32
		{BB6EBFD2-4246-4D15-B00F-2EE913B15472}.MTd debug dll|Win32.ActiveCfg = MTd debug dll|Win32
		{BB6EBFD2-4246-4D15-B00F-2EE913B15472}.MTd debug dll|Win32.Build.0 = MTd debug dll|Win32
		{BB6EBFD2-4246-4D15-B00F-2EE913B15472}.Release Build|Win32.ActiveCfg = Release Build|Win32
		{BB6EBFD2-4246-4D15-B00F-2EE913B15472}.Release Build|Win32.Build.0 = Release Build|Win32
		{BB6EBFD2-4246-4D15-B00F-2EE913B15472}.release_build|Win32.ActiveCfg = release_build|Win32
		{BB6EBFD2-4246-4D15-B00F-2EE913B15472}.release_build|Win32.Build.0 = release_build|Win32
		{BB6EBFD2-4246-4D15-B00F-2EE913B15472}.Release|Win32.ActiveCfg = Release|Win32
		{BB6EBFD2-4246-4D15-B00F-2EE913B15472}.Release|Win32.Build.0 = Release|Win32
	EndGlobalSection
	GlobalSection(SolutionProperties) = preSolution
		HideSolutionNode = FALSE
	EndGlobalSection
EndGlobal
